
Microsoft Visual Studio Solution File, Format Version 12.00
# Visual Studio Version 17
VisualStudioVersion = 17.4.33122.133
MinimumVisualStudioVersion = 10.0.40219.1
Project("{9A19103F-16F7-4668-BE54-9A1E7A4F7556}") = "SociologySimulator", "SociologySimulator.csproj", "{84E7F700-9AB1-4665-B7D7-262CC4E8736A}"
EndProject
Global
	GlobalSection(SolutionConfigurationPlatforms) = preSolution
		Debug|Any CPU = Debug|Any CPU
		Release|Any CPU = Release|Any CPU
	EndGlobalSection
	GlobalSection(ProjectConfigurationPlatforms) = postSolution
		{84E7F700-9AB1-4665-B7D7-262CC4E8736A}.Debug|Any CPU.ActiveCfg = Debug|Any CPU
		{84E7F700-9AB1-4665-B7D7-262CC4E8736A}.Debug|Any CPU.Build.0 = Debug|Any CPU
		{84E7F700-9AB1-4665-B7D7-262CC4E8736A}.Release|Any CPU.ActiveCfg = Release|Any CPU
		{84E7F700-9AB1-4665-B7D7-262CC4E8736A}.Release|Any CPU.Build.0 = Release|Any CPU
	EndGlobalSection
	GlobalSection(SolutionProperties) = preSolution
		HideSolutionNode = FALSE
	EndGlobalSection
	GlobalSection(ExtensibilityGlobals) = postSolution
		SolutionGuid = {2C47A635-5266-47EA-A397-ECD8248002AC}
	EndGlobalSection
EndGlobal
